
Microsoft Visual Studio Solution File, Format Version 12.00
# Visual Studio Version 16
VisualStudioVersion = 16.0.33423.256
MinimumVisualStudioVersion = 10.0.40219.1
Project("{8BC9CEB8-8B4A-11D0-8D11-00A0C91BC942}") = "acvp_app", "resources\acvp_app.vcxproj", "{6A63359B-E912-421D-B6B9-02A9B45B3067}"
EndProject
Global
	GlobalSection(SolutionConfigurationPlatforms) = preSolution
		openssl3|x64 = openssl3|x64
		openssl3|x86 = openssl3|x86
	EndGlobalSection
	GlobalSection(ProjectConfigurationPlatforms) = postSolution
		{6A63359B-E912-421D-B6B9-02A9B45B3067}.openssl3|x64.ActiveCfg = openssl3|x64
		{6A63359B-E912-421D-B6B9-02A9B45B3067}.openssl3|x64.Build.0 = openssl3|x64
		{6A63359B-E912-421D-B6B9-02A9B45B3067}.openssl3|x86.ActiveCfg = openssl3|Win32
		{6A63359B-E912-421D-B6B9-02A9B45B3067}.openssl3|x86.Build.0 = openssl3|Win32
	EndGlobalSection
	GlobalSection(SolutionProperties) = preSolution
		HideSolutionNode = FALSE
	EndGlobalSection
	GlobalSection(ExtensibilityGlobals) = postSolution
		SolutionGuid = {95F53676-75CB-4D5A-8DBD-68D3A2F3451D}
	EndGlobalSection
EndGlobal
