
Microsoft Visual Studio Solution File, Format Version 12.00
# Visual Studio Version 16
VisualStudioVersion = 16.0.33423.256
MinimumVisualStudioVersion = 10.0.40219.1
Project("{8BC9CEB8-8B4A-11D0-8D11-00A0C91BC942}") = "libacvp", "resources\libacvp.vcxproj", "{D96A91BF-B55A-42FF-8053-4519103AF513}"
EndProject
Global
	GlobalSection(SolutionConfigurationPlatforms) = preSolution
		offline|x64 = offline|x64
		offline|x86 = offline|x86
		shared|x64 = shared|x64
		shared|x86 = shared|x86
	EndGlobalSection
	GlobalSection(ProjectConfigurationPlatforms) = postSolution
		{D96A91BF-B55A-42FF-8053-4519103AF513}.offline|x64.ActiveCfg = offline|x64
		{D96A91BF-B55A-42FF-8053-4519103AF513}.offline|x64.Build.0 = offline|x64
		{D96A91BF-B55A-42FF-8053-4519103AF513}.offline|x86.ActiveCfg = offline|Win32
		{D96A91BF-B55A-42FF-8053-4519103AF513}.offline|x86.Build.0 = offline|Win32
		{D96A91BF-B55A-42FF-8053-4519103AF513}.shared|x64.ActiveCfg = shared|x64
		{D96A91BF-B55A-42FF-8053-4519103AF513}.shared|x64.Build.0 = shared|x64
		{D96A91BF-B55A-42FF-8053-4519103AF513}.shared|x86.ActiveCfg = shared|Win32
		{D96A91BF-B55A-42FF-8053-4519103AF513}.shared|x86.Build.0 = shared|Win32
	EndGlobalSection
	GlobalSection(SolutionProperties) = preSolution
		HideSolutionNode = FALSE
	EndGlobalSection
	GlobalSection(ExtensibilityGlobals) = postSolution
		SolutionGuid = {F316F415-ED5E-4154-AB22-B9B75733A0A4}
	EndGlobalSection
EndGlobal
